
Microsoft Visual Studio Solution File, Format Version 12.00
# Visual Studio Version 17
VisualStudioVersion = 17.8.34316.72
MinimumVisualStudioVersion = 10.0.40219.1
Project("{FAE04EC0-301F-11D3-BF4B-00C04F79EFBC}") = "3dspals", "3dspals\3dspals.csproj", "{C87F9683-D5D4-4509-ABB1-41CC6F6123AE}"
EndProject
Global
	GlobalSection(SolutionConfigurationPlatforms) = preSolution
		Debug|Any CPU = Debug|Any CPU
		Release|Any CPU = Release|Any CPU
	EndGlobalSection
	GlobalSection(ProjectConfigurationPlatforms) = postSolution
		{C87F9683-D5D4-4509-ABB1-41CC6F6123AE}.Debug|Any CPU.ActiveCfg = Debug|Any CPU
		{C87F9683-D5D4-4509-ABB1-41CC6F6123AE}.Debug|Any CPU.Build.0 = Debug|Any CPU
		{C87F9683-D5D4-4509-ABB1-41CC6F6123AE}.Release|Any CPU.ActiveCfg = Release|Any CPU
		{C87F9683-D5D4-4509-ABB1-41CC6F6123AE}.Release|Any CPU.Build.0 = Release|Any CPU
	EndGlobalSection
	GlobalSection(SolutionProperties) = preSolution
		HideSolutionNode = FALSE
	EndGlobalSection
	GlobalSection(ExtensibilityGlobals) = postSolution
		SolutionGuid = {D90F6366-9BEA-4091-AEA8-3F19C182C2C2}
	EndGlobalSection
EndGlobal
